// !$*UTF8*$!
{
	archiveVersion = 1;
	classes = {
	};
	objectVersion = 46;
	objects = {

/* Begin PBXBuildFile section */
		E9FB9308192DCF2800F87536 /* main.cpp in Sources */ = {isa = PBXBuildFile; fileRef = E9FB9307192DCF2800F87536 /* main.cpp */; };
		E9FB9341192DD73600F87536 /* liballegro_acodec-static.a in Frameworks */ = {isa = PBXBuildFile; fileRef = E9FB932F192DD73600F87536 /* liballegro_acodec-static.a */; };
		E9FB9342192DD73600F87536 /* liballegro_audio-static.a in Frameworks */ = {isa = PBXBuildFile; fileRef = E9FB9330192DD73600F87536 /* liballegro_audio-static.a */; };
		E9FB9343192DD73600F87536 /* liballegro_color-static.a in Frameworks */ = {isa = PBXBuildFile; fileRef = E9FB9331192DD73600F87536 /* liballegro_color-static.a */; };
		E9FB9344192DD73600F87536 /* liballegro_dialog-static.a in Frameworks */ = {isa = PBXBuildFile; fileRef = E9FB9332192DD73600F87536 /* liballegro_dialog-static.a */; };
		E9FB9345192DD73600F87536 /* liballegro_font-static.a in Frameworks */ = {isa = PBXBuildFile; fileRef = E9FB9333192DD73600F87536 /* liballegro_font-static.a */; };
		E9FB9346192DD73600F87536 /* liballegro_image-static.a in Frameworks */ = {isa = PBXBuildFile; fileRef = E9FB9334192DD73600F87536 /* liballegro_image-static.a */; };
		E9FB9347192DD73600F87536 /* liballegro_main-static.a in Frameworks */ = {isa = PBXBuildFile; fileRef = E9FB9335192DD73600F87536 /* liballegro_main-static.a */; };
		E9FB9348192DD73600F87536 /* liballegro_memfile-static.a in Frameworks */ = {isa = PBXBuildFile; fileRef = E9FB9336192DD73600F87536 /* liballegro_memfile-static.a */; };
		E9FB9349192DD73600F87536 /* liballegro_physfs-static.a in Frameworks */ = {isa = PBXBuildFile; fileRef = E9FB9337192DD73600F87536 /* liballegro_physfs-static.a */; };
		E9FB934A192DD73600F87536 /* liballegro_primitives-static.a in Frameworks */ = {isa = PBXBuildFile; fileRef = E9FB9338192DD73600F87536 /* liballegro_primitives-static.a */; };
		E9FB934B192DD73600F87536 /* liballegro_ttf-static.a in Frameworks */ = {isa = PBXBuildFile; fileRef = E9FB9339192DD73600F87536 /* liballegro_ttf-static.a */; };
		E9FB934C192DD73600F87536 /* liballegro-static.a in Frameworks */ = {isa = PBXBuildFile; fileRef = E9FB933A192DD73600F87536 /* liballegro-static.a */; };
		E9FB934D192DD73600F87536 /* libdumb.a in Frameworks */ = {isa = PBXBuildFile; fileRef = E9FB933B192DD73600F87536 /* libdumb.a */; };
		E9FB934E192DD73600F87536 /* libFLAC.a in Frameworks */ = {isa = PBXBuildFile; fileRef = E9FB933C192DD73600F87536 /* libFLAC.a */; };
		E9FB934F192DD73600F87536 /* libogg.a in Frameworks */ = {isa = PBXBuildFile; fileRef = E9FB933D192DD73600F87536 /* libogg.a */; };
		E9FB9350192DD73600F87536 /* libphysfs.a in Frameworks */ = {isa = PBXBuildFile; fileRef = E9FB933E192DD73600F87536 /* libphysfs.a */; };
		E9FB9351192DD73600F87536 /* libvorbis.a in Frameworks */ = {isa = PBXBuildFile; fileRef = E9FB933F192DD73600F87536 /* libvorbis.a */; };
		E9FB9352192DD73600F87536 /* libvorbisfile.a in Frameworks */ = {isa = PBXBuildFile; fileRef = E9FB9340192DD73600F87536 /* libvorbisfile.a */; };
		E9FB9359192DD7B700F87536 /* ApplicationServices.framework in Frameworks */ = {isa = PBXBuildFile; fileRef = E9FB9353192DD7B700F87536 /* ApplicationServices.framework */; };
		E9FB935A192DD7B700F87536 /* AudioToolbox.framework in Frameworks */ = {isa = PBXBuildFile; fileRef = E9FB9354192DD7B700F87536 /* AudioToolbox.framework */; };
		E9FB935B192DD7B700F87536 /* CoreFoundation.framework in Frameworks */ = {isa = PBXBuildFile; fileRef = E9FB9355192DD7B700F87536 /* CoreFoundation.framework */; };
		E9FB935C192DD7B700F87536 /* IOKit.framework in Frameworks */ = {isa = PBXBuildFile; fileRef = E9FB9356192DD7B700F87536 /* IOKit.framework */; };
		E9FB935D192DD7B700F87536 /* OpenAL.framework in Frameworks */ = {isa = PBXBuildFile; fileRef = E9FB9357192DD7B700F87536 /* OpenAL.framework */; };
		E9FB935E192DD7B700F87536 /* OpenGL.framework in Frameworks */ = {isa = PBXBuildFile; fileRef = E9FB9358192DD7B700F87536 /* OpenGL.framework */; };
		E9FB9360192DD87F00F87536 /* libfreetype.6.dylib in Frameworks */ = {isa = PBXBuildFile; fileRef = E9FB935F192DD87F00F87536 /* libfreetype.6.dylib */; };
		E9FB9361192DD92000F87536 /* AppKit.framework in Frameworks */ = {isa = PBXBuildFile; fileRef = E9FB92FE192DCF2800F87536 /* AppKit.framework */; };
/* End PBXBuildFile section */

/* Begin PBXFileReference section */
		E9FB92F8192DCF2800F87536 /* My Awesome Allegro Game.app */ = {isa = PBXFileReference; explicitFileType = wrapper.application; includeInIndex = 0; path = "My Awesome Allegro Game.app"; sourceTree = BUILT_PRODUCTS_DIR; };
		E9FB92FE192DCF2800F87536 /* AppKit.framework */ = {isa = PBXFileReference; lastKnownFileType = wrapper.framework; name = AppKit.framework; path = System/Library/Frameworks/AppKit.framework; sourceTree = SDKROOT; };
		E9FB9303192DCF2800F87536 /* My Awesome Allegro Game-Info.plist */ = {isa = PBXFileReference; lastKnownFileType = text.plist.xml; path = "My Awesome Allegro Game-Info.plist"; sourceTree = "<group>"; };
		E9FB9307192DCF2800F87536 /* main.cpp */ = {isa = PBXFileReference; lastKnownFileType = sourcecode.cpp.cpp; path = main.cpp; sourceTree = "<group>"; };
		E9FB9321192DCF2800F87536 /* My Awesome Allegro GameTests-Info.plist */ = {isa = PBXFileReference; lastKnownFileType = text.plist.xml; path = "My Awesome Allegro GameTests-Info.plist"; sourceTree = "<group>"; };
		E9FB9323192DCF2800F87536 /* en */ = {isa = PBXFileReference; lastKnownFileType = text.plist.strings; name = en; path = en.lproj/InfoPlist.strings; sourceTree = "<group>"; };
		E9FB9325192DCF2800F87536 /* My_Awesome_Allegro_GameTests.m */ = {isa = PBXFileReference; lastKnownFileType = sourcecode.c.objc; path = My_Awesome_Allegro_GameTests.m; sourceTree = "<group>"; };
		E9FB932F192DD73600F87536 /* liballegro_acodec-static.a */ = {isa = PBXFileReference; lastKnownFileType = archive.ar; name = "liballegro_acodec-static.a"; path = "../../../../usr/local/lib/liballegro_acodec-static.a"; sourceTree = "<group>"; };
		E9FB9330192DD73600F87536 /* liballegro_audio-static.a */ = {isa = PBXFileReference; lastKnownFileType = archive.ar; name = "liballegro_audio-static.a"; path = "../../../../usr/local/lib/liballegro_audio-static.a"; sourceTree = "<group>"; };
		E9FB9331192DD73600F87536 /* liballegro_color-static.a */ = {isa = PBXFileReference; lastKnownFileType = archive.ar; name = "liballegro_color-static.a"; path = "../../../../usr/local/lib/liballegro_color-static.a"; sourceTree = "<group>"; };
		E9FB9332192DD73600F87536 /* liballegro_dialog-static.a */ = {isa = PBXFileReference; lastKnownFileType = archive.ar; name = "liballegro_dialog-static.a"; path = "../../../../usr/local/lib/liballegro_dialog-static.a"; sourceTree = "<group>"; };
		E9FB9333192DD73600F87536 /* liballegro_font-static.a */ = {isa = PBXFileReference; lastKnownFileType = archive.ar; name = "liballegro_font-static.a"; path = "../../../../usr/local/lib/liballegro_font-static.a"; sourceTree = "<group>"; };
		E9FB9334192DD73600F87536 /* liballegro_image-static.a */ = {isa = PBXFileReference; lastKnownFileType = archive.ar; name = "liballegro_image-static.a"; path = "../../../../usr/local/lib/liballegro_image-static.a"; sourceTree = "<group>"; };
		E9FB9335192DD73600F87536 /* liballegro_main-static.a */ = {isa = PBXFileReference; lastKnownFileType = archive.ar; name = "liballegro_main-static.a"; path = "../../../../usr/local/lib/liballegro_main-static.a"; sourceTree = "<group>"; };
		E9FB9336192DD73600F87536 /* liballegro_memfile-static.a */ = {isa = PBXFileReference; lastKnownFileType = archive.ar; name = "liballegro_memfile-static.a"; path = "../../../../usr/local/lib/liballegro_memfile-static.a"; sourceTree = "<group>"; };
		E9FB9337192DD73600F87536 /* liballegro_physfs-static.a */ = {isa = PBXFileReference; lastKnownFileType = archive.ar; name = "liballegro_physfs-static.a"; path = "../../../../usr/local/lib/liballegro_physfs-static.a"; sourceTree = "<group>"; };
		E9FB9338192DD73600F87536 /* liballegro_primitives-static.a */ = {isa = PBXFileReference; lastKnownFileType = archive.ar; name = "liballegro_primitives-static.a"; path = "../../../../usr/local/lib/liballegro_primitives-static.a"; sourceTree = "<group>"; };
		E9FB9339192DD73600F87536 /* liballegro_ttf-static.a */ = {isa = PBXFileReference; lastKnownFileType = archive.ar; name = "liballegro_ttf-static.a"; path = "../../../../usr/local/lib/liballegro_ttf-static.a"; sourceTree = "<group>"; };
		E9FB933A192DD73600F87536 /* liballegro-static.a */ = {isa = PBXFileReference; lastKnownFileType = archive.ar; name = "liballegro-static.a"; path = "../../../../usr/local/lib/liballegro-static.a"; sourceTree = "<group>"; };
		E9FB933B192DD73600F87536 /* libdumb.a */ = {isa = PBXFileReference; lastKnownFileType = archive.ar; name = libdumb.a; path = ../../../../usr/local/lib/libdumb.a; sourceTree = "<group>"; };
		E9FB933C192DD73600F87536 /* libFLAC.a */ = {isa = PBXFileReference; lastKnownFileType = archive.ar; name = libFLAC.a; path = ../../../../usr/local/lib/libFLAC.a; sourceTree = "<group>"; };
		E9FB933D192DD73600F87536 /* libogg.a */ = {isa = PBXFileReference; lastKnownFileType = archive.ar; name = libogg.a; path = ../../../../usr/local/lib/libogg.a; sourceTree = "<group>"; };
		E9FB933E192DD73600F87536 /* libphysfs.a */ = {isa = PBXFileReference; lastKnownFileType = archive.ar; name = libphysfs.a; path = ../../../../usr/local/lib/libphysfs.a; sourceTree = "<group>"; };
		E9FB933F192DD73600F87536 /* libvorbis.a */ = {isa = PBXFileReference; lastKnownFileType = archive.ar; name = libvorbis.a; path = ../../../../usr/local/lib/libvorbis.a; sourceTree = "<group>"; };
		E9FB9340192DD73600F87536 /* libvorbisfile.a */ = {isa = PBXFileReference; lastKnownFileType = archive.ar; name = libvorbisfile.a; path = ../../../../usr/local/lib/libvorbisfile.a; sourceTree = "<group>"; };
		E9FB9353192DD7B700F87536 /* ApplicationServices.framework */ = {isa = PBXFileReference; lastKnownFileType = wrapper.framework; name = ApplicationServices.framework; path = System/Library/Frameworks/ApplicationServices.framework; sourceTree = SDKROOT; };
		E9FB9354192DD7B700F87536 /* AudioToolbox.framework */ = {isa = PBXFileReference; lastKnownFileType = wrapper.framework; name = AudioToolbox.framework; path = System/Library/Frameworks/AudioToolbox.framework; sourceTree = SDKROOT; };
		E9FB9355192DD7B700F87536 /* CoreFoundation.framework */ = {isa = PBXFileReference; lastKnownFileType = wrapper.framework; name = CoreFoundation.framework; path = System/Library/Frameworks/CoreFoundation.framework; sourceTree = SDKROOT; };
		E9FB9356192DD7B700F87536 /* IOKit.framework */ = {isa = PBXFileReference; lastKnownFileType = wrapper.framework; name = IOKit.framework; path = System/Library/Frameworks/IOKit.framework; sourceTree = SDKROOT; };
		E9FB9357192DD7B700F87536 /* OpenAL.framework */ = {isa = PBXFileReference; lastKnownFileType = wrapper.framework; name = OpenAL.framework; path = System/Library/Frameworks/OpenAL.framework; sourceTree = SDKROOT; };
		E9FB9358192DD7B700F87536 /* OpenGL.framework */ = {isa = PBXFileReference; lastKnownFileType = wrapper.framework; name = OpenGL.framework; path = System/Library/Frameworks/OpenGL.framework; sourceTree = SDKROOT; };
		E9FB935F192DD87F00F87536 /* libfreetype.6.dylib */ = {isa = PBXFileReference; lastKnownFileType = "compiled.mach-o.dylib"; name = libfreetype.6.dylib; path = ../../../../opt/X11/lib/libfreetype.6.dylib; sourceTree = "<group>"; };
/* End PBXFileReference section */

/* Begin PBXFrameworksBuildPhase section */
		E9FB92F5192DCF2800F87536 /* Frameworks */ = {
			isa = PBXFrameworksBuildPhase;
			buildActionMask = 2147483647;
			files = (
				E9FB9361192DD92000F87536 /* AppKit.framework in Frameworks */,
				E9FB9360192DD87F00F87536 /* libfreetype.6.dylib in Frameworks */,
				E9FB9359192DD7B700F87536 /* ApplicationServices.framework in Frameworks */,
				E9FB935A192DD7B700F87536 /* AudioToolbox.framework in Frameworks */,
				E9FB935B192DD7B700F87536 /* CoreFoundation.framework in Frameworks */,
				E9FB935C192DD7B700F87536 /* IOKit.framework in Frameworks */,
				E9FB935D192DD7B700F87536 /* OpenAL.framework in Frameworks */,
				E9FB935E192DD7B700F87536 /* OpenGL.framework in Frameworks */,
				E9FB9341192DD73600F87536 /* liballegro_acodec-static.a in Frameworks */,
				E9FB9342192DD73600F87536 /* liballegro_audio-static.a in Frameworks */,
				E9FB9343192DD73600F87536 /* liballegro_color-static.a in Frameworks */,
				E9FB9344192DD73600F87536 /* liballegro_dialog-static.a in Frameworks */,
				E9FB9345192DD73600F87536 /* liballegro_font-static.a in Frameworks */,
				E9FB9346192DD73600F87536 /* liballegro_image-static.a in Frameworks */,
				E9FB9347192DD73600F87536 /* liballegro_main-static.a in Frameworks */,
				E9FB9348192DD73600F87536 /* liballegro_memfile-static.a in Frameworks */,
				E9FB9349192DD73600F87536 /* liballegro_physfs-static.a in Frameworks */,
				E9FB934A192DD73600F87536 /* liballegro_primitives-static.a in Frameworks */,
				E9FB934B192DD73600F87536 /* liballegro_ttf-static.a in Frameworks */,
				E9FB934C192DD73600F87536 /* liballegro-static.a in Frameworks */,
				E9FB934D192DD73600F87536 /* libdumb.a in Frameworks */,
				E9FB934E192DD73600F87536 /* libFLAC.a in Frameworks */,
				E9FB934F192DD73600F87536 /* libogg.a in Frameworks */,
				E9FB9350192DD73600F87536 /* libphysfs.a in Frameworks */,
				E9FB9351192DD73600F87536 /* libvorbis.a in Frameworks */,
				E9FB9352192DD73600F87536 /* libvorbisfile.a in Frameworks */,
			);
			runOnlyForDeploymentPostprocessing = 0;
		};
/* End PBXFrameworksBuildPhase section */

/* Begin PBXGroup section */
		E9FB92EF192DCF2800F87536 = {
			isa = PBXGroup;
			children = (
				E9FB9301192DCF2800F87536 /* My Awesome Allegro Game */,
				E9FB931F192DCF2800F87536 /* My Awesome Allegro GameTests */,
				E9FB92FA192DCF2800F87536 /* Frameworks */,
				E9FB92F9192DCF2800F87536 /* Products */,
			);
			sourceTree = "<group>";
		};
		E9FB92F9192DCF2800F87536 /* Products */ = {
			isa = PBXGroup;
			children = (
				E9FB92F8192DCF2800F87536 /* My Awesome Allegro Game.app */,
			);
			name = Products;
			sourceTree = "<group>";
		};
		E9FB92FA192DCF2800F87536 /* Frameworks */ = {
			isa = PBXGroup;
			children = (
				E9FB935F192DD87F00F87536 /* libfreetype.6.dylib */,
				E9FB9353192DD7B700F87536 /* ApplicationServices.framework */,
				E9FB9354192DD7B700F87536 /* AudioToolbox.framework */,
				E9FB9355192DD7B700F87536 /* CoreFoundation.framework */,
				E9FB9356192DD7B700F87536 /* IOKit.framework */,
				E9FB9357192DD7B700F87536 /* OpenAL.framework */,
				E9FB9358192DD7B700F87536 /* OpenGL.framework */,
				E9FB932F192DD73600F87536 /* liballegro_acodec-static.a */,
				E9FB9330192DD73600F87536 /* liballegro_audio-static.a */,
				E9FB9331192DD73600F87536 /* liballegro_color-static.a */,
				E9FB9332192DD73600F87536 /* liballegro_dialog-static.a */,
				E9FB9333192DD73600F87536 /* liballegro_font-static.a */,
				E9FB9334192DD73600F87536 /* liballegro_image-static.a */,
				E9FB9335192DD73600F87536 /* liballegro_main-static.a */,
				E9FB9336192DD73600F87536 /* liballegro_memfile-static.a */,
				E9FB9337192DD73600F87536 /* liballegro_physfs-static.a */,
				E9FB9338192DD73600F87536 /* liballegro_primitives-static.a */,
				E9FB9339192DD73600F87536 /* liballegro_ttf-static.a */,
				E9FB933A192DD73600F87536 /* liballegro-static.a */,
				E9FB933B192DD73600F87536 /* libdumb.a */,
				E9FB933C192DD73600F87536 /* libFLAC.a */,
				E9FB933D192DD73600F87536 /* libogg.a */,
				E9FB933E192DD73600F87536 /* libphysfs.a */,
				E9FB933F192DD73600F87536 /* libvorbis.a */,
				E9FB9340192DD73600F87536 /* libvorbisfile.a */,
				E9FB92FD192DCF2800F87536 /* Other Frameworks */,
			);
			name = Frameworks;
			sourceTree = "<group>";
		};
		E9FB92FD192DCF2800F87536 /* Other Frameworks */ = {
			isa = PBXGroup;
			children = (
				E9FB92FE192DCF2800F87536 /* AppKit.framework */,
			);
			name = "Other Frameworks";
			sourceTree = "<group>";
		};
		E9FB9301192DCF2800F87536 /* My Awesome Allegro Game */ = {
			isa = PBXGroup;
			children = (
				E9FB9302192DCF2800F87536 /* Supporting Files */,
			);
			path = "My Awesome Allegro Game";
			sourceTree = "<group>";
		};
		E9FB9302192DCF2800F87536 /* Supporting Files */ = {
			isa = PBXGroup;
			children = (
				E9FB9303192DCF2800F87536 /* My Awesome Allegro Game-Info.plist */,
				E9FB9307192DCF2800F87536 /* main.cpp */,
			);
			name = "Supporting Files";
			sourceTree = "<group>";
		};
		E9FB931F192DCF2800F87536 /* My Awesome Allegro GameTests */ = {
			isa = PBXGroup;
			children = (
				E9FB9325192DCF2800F87536 /* My_Awesome_Allegro_GameTests.m */,
				E9FB9320192DCF2800F87536 /* Supporting Files */,
			);
			path = "My Awesome Allegro GameTests";
			sourceTree = "<group>";
		};
		E9FB9320192DCF2800F87536 /* Supporting Files */ = {
			isa = PBXGroup;
			children = (
				E9FB9321192DCF2800F87536 /* My Awesome Allegro GameTests-Info.plist */,
				E9FB9322192DCF2800F87536 /* InfoPlist.strings */,
			);
			name = "Supporting Files";
			sourceTree = "<group>";
		};
/* End PBXGroup section */

/* Begin PBXNativeTarget section */
		E9FB92F7192DCF2800F87536 /* My Awesome Allegro Game */ = {
			isa = PBXNativeTarget;
			buildConfigurationList = E9FB9329192DCF2800F87536 /* Build configuration list for PBXNativeTarget "My Awesome Allegro Game" */;
			buildPhases = (
				E9FB92F4192DCF2800F87536 /* Sources */,
				E9FB92F5192DCF2800F87536 /* Frameworks */,
				E9FB92F6192DCF2800F87536 /* Resources */,
			);
			buildRules = (
			);
			dependencies = (
			);
			name = "My Awesome Allegro Game";
			productName = "My Awesome Allegro Game";
			productReference = E9FB92F8192DCF2800F87536 /* My Awesome Allegro Game.app */;
			productType = "com.apple.product-type.application";
		};
/* End PBXNativeTarget section */

/* Begin PBXProject section */
		E9FB92F0192DCF2800F87536 /* Project object */ = {
			isa = PBXProject;
			attributes = {
				LastUpgradeCheck = 0510;
				ORGANIZATIONNAME = "___FULLUSERNAME___";
			};
			buildConfigurationList = E9FB92F3192DCF2800F87536 /* Build configuration list for PBXProject "My Awesome Allegro Game" */;
			compatibilityVersion = "Xcode 3.2";
			developmentRegion = English;
			hasScannedForEncodings = 0;
			knownRegions = (
				en,
				Base,
			);
			mainGroup = E9FB92EF192DCF2800F87536;
			productRefGroup = E9FB92F9192DCF2800F87536 /* Products */;
			projectDirPath = "";
			projectRoot = "";
			targets = (
				E9FB92F7192DCF2800F87536 /* My Awesome Allegro Game */,
			);
		};
/* End PBXProject section */

/* Begin PBXResourcesBuildPhase section */
		E9FB92F6192DCF2800F87536 /* Resources */ = {
			isa = PBXResourcesBuildPhase;
			buildActionMask = 2147483647;
			files = (
			);
			runOnlyForDeploymentPostprocessing = 0;
		};
/* End PBXResourcesBuildPhase section */

/* Begin PBXSourcesBuildPhase section */
		E9FB92F4192DCF2800F87536 /* Sources */ = {
			isa = PBXSourcesBuildPhase;
			buildActionMask = 2147483647;
			files = (
				E9FB9308192DCF2800F87536 /* main.cpp in Sources */,
			);
			runOnlyForDeploymentPostprocessing = 0;
		};
/* End PBXSourcesBuildPhase section */

/* Begin PBXVariantGroup section */
		E9FB9322192DCF2800F87536 /* InfoPlist.strings */ = {
			isa = PBXVariantGroup;
			children = (
				E9FB9323192DCF2800F87536 /* en */,
			);
			name = InfoPlist.strings;
			sourceTree = "<group>";
		};
/* End PBXVariantGroup section */

/* Begin XCBuildConfiguration section */
		E9FB9327192DCF2800F87536 /* Debug */ = {
			isa = XCBuildConfiguration;
			buildSettings = {
				ALWAYS_SEARCH_USER_PATHS = NO;
				CLANG_CXX_LANGUAGE_STANDARD = "gnu++0x";
				CLANG_CXX_LIBRARY = "libc++";
				CLANG_ENABLE_MODULES = YES;
				CLANG_ENABLE_OBJC_ARC = YES;
				CLANG_WARN_BOOL_CONVERSION = YES;
				CLANG_WARN_CONSTANT_CONVERSION = YES;
				CLANG_WARN_DIRECT_OBJC_ISA_USAGE = YES_ERROR;
				CLANG_WARN_EMPTY_BODY = YES;
				CLANG_WARN_ENUM_CONVERSION = YES;
				CLANG_WARN_INT_CONVERSION = YES;
				CLANG_WARN_OBJC_ROOT_CLASS = YES_ERROR;
				CLANG_WARN__DUPLICATE_METHOD_MATCH = YES;
				COPY_PHASE_STRIP = NO;
				GCC_C_LANGUAGE_STANDARD = gnu99;
				GCC_DYNAMIC_NO_PIC = NO;
				GCC_ENABLE_OBJC_EXCEPTIONS = YES;
				GCC_OPTIMIZATION_LEVEL = 0;
				GCC_PREPROCESSOR_DEFINITIONS = (
					"DEBUG=1",
					"$(inherited)",
				);
				GCC_SYMBOLS_PRIVATE_EXTERN = NO;
				GCC_WARN_64_TO_32_BIT_CONVERSION = YES;
				GCC_WARN_ABOUT_RETURN_TYPE = YES_ERROR;
				GCC_WARN_UNDECLARED_SELECTOR = YES;
				GCC_WARN_UNINITIALIZED_AUTOS = YES_AGGRESSIVE;
				GCC_WARN_UNUSED_FUNCTION = YES;
				GCC_WARN_UNUSED_VARIABLE = YES;
				MACOSX_DEPLOYMENT_TARGET = 10.9;
				ONLY_ACTIVE_ARCH = YES;
				SDKROOT = macosx;
			};
			name = Debug;
		};
		E9FB9328192DCF2800F87536 /* Release */ = {
			isa = XCBuildConfiguration;
			buildSettings = {
				ALWAYS_SEARCH_USER_PATHS = NO;
				CLANG_CXX_LANGUAGE_STANDARD = "gnu++0x";
				CLANG_CXX_LIBRARY = "libc++";
				CLANG_ENABLE_MODULES = YES;
				CLANG_ENABLE_OBJC_ARC = YES;
				CLANG_WARN_BOOL_CONVERSION = YES;
				CLANG_WARN_CONSTANT_CONVERSION = YES;
				CLANG_WARN_DIRECT_OBJC_ISA_USAGE = YES_ERROR;
				CLANG_WARN_EMPTY_BODY = YES;
				CLANG_WARN_ENUM_CONVERSION = YES;
				CLANG_WARN_INT_CONVERSION = YES;
				CLANG_WARN_OBJC_ROOT_CLASS = YES_ERROR;
				CLANG_WARN__DUPLICATE_METHOD_MATCH = YES;
				COPY_PHASE_STRIP = YES;
				DEBUG_INFORMATION_FORMAT = "dwarf-with-dsym";
				ENABLE_NS_ASSERTIONS = NO;
				GCC_C_LANGUAGE_STANDARD = gnu99;
				GCC_ENABLE_OBJC_EXCEPTIONS = YES;
				GCC_WARN_64_TO_32_BIT_CONVERSION = YES;
				GCC_WARN_ABOUT_RETURN_TYPE = YES_ERROR;
				GCC_WARN_UNDECLARED_SELECTOR = YES;
				GCC_WARN_UNINITIALIZED_AUTOS = YES_AGGRESSIVE;
				GCC_WARN_UNUSED_FUNCTION = YES;
				GCC_WARN_UNUSED_VARIABLE = YES;
				MACOSX_DEPLOYMENT_TARGET = 10.9;
				SDKROOT = macosx;
			};
			name = Release;
		};
		E9FB932A192DCF2800F87536 /* Debug */ = {
			isa = XCBuildConfiguration;
			buildSettings = {
				ASSETCATALOG_COMPILER_APPICON_NAME = AppIcon;
				COMBINE_HIDPI_IMAGES = YES;
				GCC_PRECOMPILE_PREFIX_HEADER = YES;
				GCC_PREFIX_HEADER = "";
				HEADER_SEARCH_PATHS = (
					"$(inherited)",
					/Applications/Xcode.app/Contents/Developer/Toolchains/XcodeDefault.xctoolchain/usr/include,
					/usr/local/include,
				);
				INFOPLIST_FILE = "My Awesome Allegro Game/My Awesome Allegro Game-Info.plist";
				LIBRARY_SEARCH_PATHS = (
					/opt/X11/lib,
					/usr/local/lib,
				);
				PRODUCT_NAME = "$(TARGET_NAME)";
				WRAPPER_EXTENSION = app;
			};
			name = Debug;
		};
		E9FB932B192DCF2800F87536 /* Release */ = {
			isa = XCBuildConfiguration;
			buildSettings = {
				ASSETCATALOG_COMPILER_APPICON_NAME = AppIcon;
				COMBINE_HIDPI_IMAGES = YES;
				GCC_PRECOMPILE_PREFIX_HEADER = YES;
				GCC_PREFIX_HEADER = "";
				HEADER_SEARCH_PATHS = (
					"$(inherited)",
					/Applications/Xcode.app/Contents/Developer/Toolchains/XcodeDefault.xctoolchain/usr/include,
					/usr/local/include,
				);
				INFOPLIST_FILE = "My Awesome Allegro Game/My Awesome Allegro Game-Info.plist";
				LIBRARY_SEARCH_PATHS = (
					/opt/X11/lib,
					/usr/local/lib,
				);
				PRODUCT_NAME = "$(TARGET_NAME)";
				WRAPPER_EXTENSION = app;
			};
			name = Release;
		};
/* End XCBuildConfiguration section */

/* Begin XCConfigurationList section */
		E9FB92F3192DCF2800F87536 /* Build configuration list for PBXProject "My Awesome Allegro Game" */ = {
			isa = XCConfigurationList;
			buildConfigurations = (
				E9FB9327192DCF2800F87536 /* Debug */,
				E9FB9328192DCF2800F87536 /* Release */,
			);
			defaultConfigurationIsVisible = 0;
			defaultConfigurationName = Release;
		};
		E9FB9329192DCF2800F87536 /* Build configuration list for PBXNativeTarget "My Awesome Allegro Game" */ = {
			isa = XCConfigurationList;
			buildConfigurations = (
				E9FB932A192DCF2800F87536 /* Debug */,
				E9FB932B192DCF2800F87536 /* Release */,
			);
			defaultConfigurationIsVisible = 0;
		};
/* End XCConfigurationList section */
	};
	rootObject = E9FB92F0192DCF2800F87536 /* Project object */;
}
